
Microsoft Visual Studio Solution File, Format Version 12.00
# Visual Studio Version 17
VisualStudioVersion = 17.11.35312.102
MinimumVisualStudioVersion = 10.0.40219.1
Project("{FAE04EC0-301F-11D3-BF4B-00C04F79EFBC}") = "LR9", "LR9.csproj", "{A6D14761-1139-4E54-8C87-8C20D154FBC8}"
EndProject
Global
	GlobalSection(SolutionConfigurationPlatforms) = preSolution
		Debug|Any CPU = Debug|Any CPU
		Release|Any CPU = Release|Any CPU
	EndGlobalSection
	GlobalSection(ProjectConfigurationPlatforms) = postSolution
		{A6D14761-1139-4E54-8C87-8C20D154FBC8}.Debug|Any CPU.ActiveCfg = Debug|Any CPU
		{A6D14761-1139-4E54-8C87-8C20D154FBC8}.Debug|Any CPU.Build.0 = Debug|Any CPU
		{A6D14761-1139-4E54-8C87-8C20D154FBC8}.Release|Any CPU.ActiveCfg = Release|Any CPU
		{A6D14761-1139-4E54-8C87-8C20D154FBC8}.Release|Any CPU.Build.0 = Release|Any CPU
	EndGlobalSection
	GlobalSection(SolutionProperties) = preSolution
		HideSolutionNode = FALSE
	EndGlobalSection
	GlobalSection(ExtensibilityGlobals) = postSolution
		SolutionGuid = {18B6E985-C755-4BB8-A8EF-0C3F0692B9DE}
	EndGlobalSection
EndGlobal
